{
  "projects": [
    {
      "projectId": "9Vr5YWkf3w7jj6SsTcCEta",
      "version": "0.17.0",
      "dependencies": {},
      "lang": "js",
      "fileLocks": [
        {
          "assetId": "9Vr5YWkf3w7jj6SsTcCEta",
          "type": "projectCss",
          "checksum": "1c02168c6b23256606111fdfdbb63549"
        }
      ],
      "codegenVersion": "0.0.1"
    },
    {
      "projectId": "jkU633o1Cz7HrJdwdxhVHk",
      "version": "16.17.0",
      "dependencies": {},
      "lang": "js",
      "fileLocks": [
        {
          "assetId": "jkU633o1Cz7HrJdwdxhVHk",
          "type": "projectCss",
          "checksum": "cf57d229ecea50678d9d8d3bc0e3dd9b"
        }
      ],
      "codegenVersion": "0.0.1"
    },
    {
      "projectId": "ohDidvG9XsCeFumugENU3J",
      "version": "6.33.0",
      "dependencies": {},
      "lang": "js",
      "fileLocks": [
        {
          "assetId": "ohDidvG9XsCeFumugENU3J",
          "checksum": "f9cc098ce5640eefe7d9edb8470a210c",
          "type": "globalContexts"
        },
        {
          "assetId": "ohDidvG9XsCeFumugENU3J",
          "type": "projectCss",
          "checksum": "ba2a60a163fca4f4d510275088a2be53"
        }
      ],
      "codegenVersion": "0.0.1"
    },
    {
      "projectId": "7z3xcfGksCdvA9UNTDmBwf",
      "version": "latest",
      "dependencies": {
        "ohDidvG9XsCeFumugENU3J": "6.33.0",
        "jkU633o1Cz7HrJdwdxhVHk": "16.17.0",
        "9Vr5YWkf3w7jj6SsTcCEta": "0.17.0"
      },
      "lang": "js",
      "fileLocks": [
        {
          "type": "globalVariant",
          "assetId": "kyCTNLOOv10w",
          "checksum": "a5cc3093f14fe32eef0ece6add1b8407"
        },
        {
          "assetId": "7z3xcfGksCdvA9UNTDmBwf",
          "checksum": "d0b151fb59e4dd6a3d78779e0fd9d6e1",
          "type": "globalContexts"
        },
        {
          "type": "renderModule",
          "assetId": "Pwmaifz_vOhh",
          "checksum": "5fd664a9b52ff28800361ce595cbc83c"
        },
        {
          "type": "cssRules",
          "assetId": "Pwmaifz_vOhh",
          "checksum": "5fd664a9b52ff28800361ce595cbc83c"
        },
        {
          "type": "renderModule",
          "assetId": "vt1a7zTDtO0k",
          "checksum": "6b55407237780f8fc9c2037ae3fb0099"
        },
        {
          "type": "cssRules",
          "assetId": "vt1a7zTDtO0k",
          "checksum": "6b55407237780f8fc9c2037ae3fb0099"
        },
        {
          "type": "renderModule",
          "assetId": "C2GsB-QJUf3L",
          "checksum": "70e266a093cc83595af284f1a500866f"
        },
        {
          "type": "cssRules",
          "assetId": "C2GsB-QJUf3L",
          "checksum": "70e266a093cc83595af284f1a500866f"
        },
        {
          "type": "icon",
          "assetId": "amYzCcXx1oJW",
          "checksum": "2bcc1e174b75e236086a9e3c6987d7f3"
        },
        {
          "type": "icon",
          "assetId": "_KLGUWgVV0UO",
          "checksum": "de8d7009ff211cecad6b9d7210589cfb"
        },
        {
          "type": "renderModule",
          "assetId": "6sFd8uoqwx9L",
          "checksum": "f668c1528e08616b92d86e8b4d60e7e3"
        },
        {
          "type": "cssRules",
          "assetId": "6sFd8uoqwx9L",
          "checksum": "f668c1528e08616b92d86e8b4d60e7e3"
        },
        {
          "assetId": "7z3xcfGksCdvA9UNTDmBwf",
          "type": "projectCss",
          "checksum": "f08a9473cd4f3176d52a89734df8865e"
        }
      ],
      "codegenVersion": "0.0.1"
    }
  ],
  "cliVersion": "0.1.340"
}
